
Microsoft Visual Studio Solution File, Format Version 12.00
# Visual Studio Version 16
VisualStudioVersion = 16.0.32602.290
MinimumVisualStudioVersion = 10.0.40219.1
Project("{FAE04EC0-301F-11D3-BF4B-00C04F79EFBC}") = "Tema2-CalculadoraBasica", "Tema2-CalculadoraBasica\Tema2-CalculadoraBasica.csproj", "{9361467F-0DF9-4F18-8D4D-563C719B751F}"
EndProject
Global
	GlobalSection(SolutionConfigurationPlatforms) = preSolution
		Debug|Any CPU = Debug|Any CPU
		Release|Any CPU = Release|Any CPU
	EndGlobalSection
	GlobalSection(ProjectConfigurationPlatforms) = postSolution
		{9361467F-0DF9-4F18-8D4D-563C719B751F}.Debug|Any CPU.ActiveCfg = Debug|Any CPU
		{9361467F-0DF9-4F18-8D4D-563C719B751F}.Debug|Any CPU.Build.0 = Debug|Any CPU
		{9361467F-0DF9-4F18-8D4D-563C719B751F}.Release|Any CPU.ActiveCfg = Release|Any CPU
		{9361467F-0DF9-4F18-8D4D-563C719B751F}.Release|Any CPU.Build.0 = Release|Any CPU
	EndGlobalSection
	GlobalSection(SolutionProperties) = preSolution
		HideSolutionNode = FALSE
	EndGlobalSection
	GlobalSection(ExtensibilityGlobals) = postSolution
		SolutionGuid = {44BACB21-985D-4B2E-9194-BE9F9EFCA12B}
	EndGlobalSection
EndGlobal
